
Microsoft Visual Studio Solution File, Format Version 12.00
# Visual Studio Version 16
VisualStudioVersion = 16.0.29613.14
MinimumVisualStudioVersion = 10.0.40219.1
Project("{FAE04EC0-301F-11D3-BF4B-00C04F79EFBC}") = "Calculator_Uge5", "Calculator_Uge5\Calculator_Uge5.csproj", "{9551A31D-2824-4C9C-8065-81C59C024A92}"
EndProject
Project("{FAE04EC0-301F-11D3-BF4B-00C04F79EFBC}") = "CalculatorUnitTest", "CalculatorUnitTest\CalculatorUnitTest.csproj", "{74E8F78F-FA91-4354-B9EC-05475092D68F}"
EndProject
Global
	GlobalSection(SolutionConfigurationPlatforms) = preSolution
		Debug|Any CPU = Debug|Any CPU
		Release|Any CPU = Release|Any CPU
	EndGlobalSection
	GlobalSection(ProjectConfigurationPlatforms) = postSolution
		{9551A31D-2824-4C9C-8065-81C59C024A92}.Debug|Any CPU.ActiveCfg = Debug|Any CPU
		{9551A31D-2824-4C9C-8065-81C59C024A92}.Debug|Any CPU.Build.0 = Debug|Any CPU
		{9551A31D-2824-4C9C-8065-81C59C024A92}.Release|Any CPU.ActiveCfg = Release|Any CPU
		{9551A31D-2824-4C9C-8065-81C59C024A92}.Release|Any CPU.Build.0 = Release|Any CPU
		{74E8F78F-FA91-4354-B9EC-05475092D68F}.Debug|Any CPU.ActiveCfg = Debug|Any CPU
		{74E8F78F-FA91-4354-B9EC-05475092D68F}.Debug|Any CPU.Build.0 = Debug|Any CPU
		{74E8F78F-FA91-4354-B9EC-05475092D68F}.Release|Any CPU.ActiveCfg = Release|Any CPU
		{74E8F78F-FA91-4354-B9EC-05475092D68F}.Release|Any CPU.Build.0 = Release|Any CPU
	EndGlobalSection
	GlobalSection(SolutionProperties) = preSolution
		HideSolutionNode = FALSE
	EndGlobalSection
	GlobalSection(ExtensibilityGlobals) = postSolution
		SolutionGuid = {995651F5-D95F-46D7-B168-8F7AD3BB219C}
	EndGlobalSection
EndGlobal
